
Microsoft Visual Studio Solution File, Format Version 12.00
# Visual Studio 2013
VisualStudioVersion = 12.0.31101.0
MinimumVisualStudioVersion = 10.0.40219.1
Project("{FAE04EC0-301F-11D3-BF4B-00C04F79EFBC}") = "DatabaseWrapper", "DatabaseWrapper\DatabaseWrapper.csproj", "{08B51E81-C537-4EC8-AA68-CE8B09ADE4B0}"
EndProject
Project("{FAE04EC0-301F-11D3-BF4B-00C04F79EFBC}") = "Engine", "Engine\Engine.csproj", "{6ED8D50D-7C9A-4C89-9EFA-85ECC7E43691}"
EndProject
Project("{FAE04EC0-301F-11D3-BF4B-00C04F79EFBC}") = "WebService", "WebService\WebService.csproj", "{F7369FA8-E7D8-4314-AFA1-4DDD3770B3D7}"
EndProject
Project("{FAE04EC0-301F-11D3-BF4B-00C04F79EFBC}") = "EngineTester", "EngineTester\EngineTester.csproj", "{40C42074-D6DC-48E1-BCEA-A02E8D06DF5A}"
EndProject
Global
	GlobalSection(SolutionConfigurationPlatforms) = preSolution
		Debug|Any CPU = Debug|Any CPU
		Release|Any CPU = Release|Any CPU
	EndGlobalSection
	GlobalSection(ProjectConfigurationPlatforms) = postSolution
		{08B51E81-C537-4EC8-AA68-CE8B09ADE4B0}.Debug|Any CPU.ActiveCfg = Debug|Any CPU
		{08B51E81-C537-4EC8-AA68-CE8B09ADE4B0}.Debug|Any CPU.Build.0 = Debug|Any CPU
		{08B51E81-C537-4EC8-AA68-CE8B09ADE4B0}.Release|Any CPU.ActiveCfg = Release|Any CPU
		{08B51E81-C537-4EC8-AA68-CE8B09ADE4B0}.Release|Any CPU.Build.0 = Release|Any CPU
		{6ED8D50D-7C9A-4C89-9EFA-85ECC7E43691}.Debug|Any CPU.ActiveCfg = Debug|Any CPU
		{6ED8D50D-7C9A-4C89-9EFA-85ECC7E43691}.Debug|Any CPU.Build.0 = Debug|Any CPU
		{6ED8D50D-7C9A-4C89-9EFA-85ECC7E43691}.Release|Any CPU.ActiveCfg = Release|Any CPU
		{6ED8D50D-7C9A-4C89-9EFA-85ECC7E43691}.Release|Any CPU.Build.0 = Release|Any CPU
		{F7369FA8-E7D8-4314-AFA1-4DDD3770B3D7}.Debug|Any CPU.ActiveCfg = Debug|Any CPU
		{F7369FA8-E7D8-4314-AFA1-4DDD3770B3D7}.Debug|Any CPU.Build.0 = Debug|Any CPU
		{F7369FA8-E7D8-4314-AFA1-4DDD3770B3D7}.Release|Any CPU.ActiveCfg = Release|Any CPU
		{F7369FA8-E7D8-4314-AFA1-4DDD3770B3D7}.Release|Any CPU.Build.0 = Release|Any CPU
		{40C42074-D6DC-48E1-BCEA-A02E8D06DF5A}.Debug|Any CPU.ActiveCfg = Debug|Any CPU
		{40C42074-D6DC-48E1-BCEA-A02E8D06DF5A}.Debug|Any CPU.Build.0 = Debug|Any CPU
		{40C42074-D6DC-48E1-BCEA-A02E8D06DF5A}.Release|Any CPU.ActiveCfg = Release|Any CPU
		{40C42074-D6DC-48E1-BCEA-A02E8D06DF5A}.Release|Any CPU.Build.0 = Release|Any CPU
	EndGlobalSection
	GlobalSection(SolutionProperties) = preSolution
		HideSolutionNode = FALSE
	EndGlobalSection
EndGlobal
